
Microsoft Visual Studio Solution File, Format Version 12.00
# Visual Studio Version 17
VisualStudioVersion = 17.0.31903.59
MinimumVisualStudioVersion = 10.0.40219.1
Project("{2150E333-8FDC-42A3-9474-1A3956D46DE8}") = "src", "src", "{1043BC24-E38D-4377-BA73-D61B7D176225}"
EndProject
Project("{FAE04EC0-301F-11D3-BF4B-00C04F79EFBC}") = "PFP.Domain", "src\PFP.Domain\PFP.Domain.csproj", "{0F6EAA19-F1CE-4DA4-8375-3B054BA43F25}"
EndProject
Project("{FAE04EC0-301F-11D3-BF4B-00C04F79EFBC}") = "PFP.Application", "src\PFP.Application\PFP.Application.csproj", "{3EFB8322-1A76-4917-933E-B2E8C9A6C4A9}"
EndProject
Project("{FAE04EC0-301F-11D3-BF4B-00C04F79EFBC}") = "PFP.Infrastructure", "src\PFP.Infrastructure\PFP.Infrastructure.csproj", "{7DE4FCDF-237B-4C06-AF7A-55131A084BEF}"
EndProject
Project("{FAE04EC0-301F-11D3-BF4B-00C04F79EFBC}") = "PFP.API", "src\PFP.API\PFP.API.csproj", "{A85B84F9-5024-4A66-8AD7-E68B383E4068}"
EndProject
Project("{2150E333-8FDC-42A3-9474-1A3956D46DE8}") = "tests", "tests", "{5386636A-EC61-425E-A739-8CE7E33AC841}"
EndProject
Project("{FAE04EC0-301F-11D3-BF4B-00C04F79EFBC}") = "PFP.IntegrationTests", "tests\PFP.IntegrationTests\PFP.IntegrationTests.csproj", "{7DCDD208-B834-4B53-8A96-F77031BB0582}"
EndProject
Global
	GlobalSection(SolutionConfigurationPlatforms) = preSolution
		Debug|Any CPU = Debug|Any CPU
		Release|Any CPU = Release|Any CPU
	EndGlobalSection
	GlobalSection(SolutionProperties) = preSolution
		HideSolutionNode = FALSE
	EndGlobalSection
	GlobalSection(ProjectConfigurationPlatforms) = postSolution
		{0F6EAA19-F1CE-4DA4-8375-3B054BA43F25}.Debug|Any CPU.ActiveCfg = Debug|Any CPU
		{0F6EAA19-F1CE-4DA4-8375-3B054BA43F25}.Debug|Any CPU.Build.0 = Debug|Any CPU
		{0F6EAA19-F1CE-4DA4-8375-3B054BA43F25}.Release|Any CPU.ActiveCfg = Release|Any CPU
		{0F6EAA19-F1CE-4DA4-8375-3B054BA43F25}.Release|Any CPU.Build.0 = Release|Any CPU
		{3EFB8322-1A76-4917-933E-B2E8C9A6C4A9}.Debug|Any CPU.ActiveCfg = Debug|Any CPU
		{3EFB8322-1A76-4917-933E-B2E8C9A6C4A9}.Debug|Any CPU.Build.0 = Debug|Any CPU
		{3EFB8322-1A76-4917-933E-B2E8C9A6C4A9}.Release|Any CPU.ActiveCfg = Release|Any CPU
		{3EFB8322-1A76-4917-933E-B2E8C9A6C4A9}.Release|Any CPU.Build.0 = Release|Any CPU
		{7DE4FCDF-237B-4C06-AF7A-55131A084BEF}.Debug|Any CPU.ActiveCfg = Debug|Any CPU
		{7DE4FCDF-237B-4C06-AF7A-55131A084BEF}.Debug|Any CPU.Build.0 = Debug|Any CPU
		{7DE4FCDF-237B-4C06-AF7A-55131A084BEF}.Release|Any CPU.ActiveCfg = Release|Any CPU
		{7DE4FCDF-237B-4C06-AF7A-55131A084BEF}.Release|Any CPU.Build.0 = Release|Any CPU
		{A85B84F9-5024-4A66-8AD7-E68B383E4068}.Debug|Any CPU.ActiveCfg = Debug|Any CPU
		{A85B84F9-5024-4A66-8AD7-E68B383E4068}.Debug|Any CPU.Build.0 = Debug|Any CPU
		{A85B84F9-5024-4A66-8AD7-E68B383E4068}.Release|Any CPU.ActiveCfg = Release|Any CPU
		{A85B84F9-5024-4A66-8AD7-E68B383E4068}.Release|Any CPU.Build.0 = Release|Any CPU
		{7DCDD208-B834-4B53-8A96-F77031BB0582}.Debug|Any CPU.ActiveCfg = Debug|Any CPU
		{7DCDD208-B834-4B53-8A96-F77031BB0582}.Debug|Any CPU.Build.0 = Debug|Any CPU
		{7DCDD208-B834-4B53-8A96-F77031BB0582}.Release|Any CPU.ActiveCfg = Release|Any CPU
		{7DCDD208-B834-4B53-8A96-F77031BB0582}.Release|Any CPU.Build.0 = Release|Any CPU
	EndGlobalSection
	GlobalSection(NestedProjects) = preSolution
		{0F6EAA19-F1CE-4DA4-8375-3B054BA43F25} = {1043BC24-E38D-4377-BA73-D61B7D176225}
		{3EFB8322-1A76-4917-933E-B2E8C9A6C4A9} = {1043BC24-E38D-4377-BA73-D61B7D176225}
		{7DE4FCDF-237B-4C06-AF7A-55131A084BEF} = {1043BC24-E38D-4377-BA73-D61B7D176225}
		{A85B84F9-5024-4A66-8AD7-E68B383E4068} = {1043BC24-E38D-4377-BA73-D61B7D176225}
		{7DCDD208-B834-4B53-8A96-F77031BB0582} = {5386636A-EC61-425E-A739-8CE7E33AC841}
	EndGlobalSection
EndGlobal
